
Microsoft Visual Studio Solution File, Format Version 12.00
# Visual Studio Version 16
VisualStudioVersion = 16.0.30028.174
MinimumVisualStudioVersion = 10.0.40219.1
Project("{9A19103F-16F7-4668-BE54-9A1E7A4F7556}") = "SmartSchool.Core", "SmartSchool.Core\SmartSchool.Core.csproj", "{6569E7D2-2325-485B-8B48-8048081E3221}"
EndProject
Project("{9A19103F-16F7-4668-BE54-9A1E7A4F7556}") = "Utils", "Utils\Utils.csproj", "{09CEF593-77F6-4329-90B0-A28640A098BD}"
EndProject
Project("{9A19103F-16F7-4668-BE54-9A1E7A4F7556}") = "SmartSchool.Persistence", "SmartSchool.Persistence\SmartSchool.Persistence.csproj", "{CE645051-0D6A-4930-A9B1-BD42FD61FA7C}"
EndProject
Project("{9A19103F-16F7-4668-BE54-9A1E7A4F7556}") = "SmartSchool.ImportConsole", "SmartSchool.ImportConsole\SmartSchool.ImportConsole.csproj", "{03924BBC-3BC0-4D55-94BE-89EA64C57D72}"
EndProject
Project("{9A19103F-16F7-4668-BE54-9A1E7A4F7556}") = "SmartSchool.Web", "SmartSchool.Web\SmartSchool.Web.csproj", "{0D8A32FB-963F-4304-B6E0-38D9D5E7330D}"
EndProject
Global
	GlobalSection(SolutionConfigurationPlatforms) = preSolution
		Debug|Any CPU = Debug|Any CPU
		Release|Any CPU = Release|Any CPU
	EndGlobalSection
	GlobalSection(ProjectConfigurationPlatforms) = postSolution
		{6569E7D2-2325-485B-8B48-8048081E3221}.Debug|Any CPU.ActiveCfg = Debug|Any CPU
		{6569E7D2-2325-485B-8B48-8048081E3221}.Debug|Any CPU.Build.0 = Debug|Any CPU
		{6569E7D2-2325-485B-8B48-8048081E3221}.Release|Any CPU.ActiveCfg = Release|Any CPU
		{6569E7D2-2325-485B-8B48-8048081E3221}.Release|Any CPU.Build.0 = Release|Any CPU
		{09CEF593-77F6-4329-90B0-A28640A098BD}.Debug|Any CPU.ActiveCfg = Debug|Any CPU
		{09CEF593-77F6-4329-90B0-A28640A098BD}.Debug|Any CPU.Build.0 = Debug|Any CPU
		{09CEF593-77F6-4329-90B0-A28640A098BD}.Release|Any CPU.ActiveCfg = Release|Any CPU
		{09CEF593-77F6-4329-90B0-A28640A098BD}.Release|Any CPU.Build.0 = Release|Any CPU
		{CE645051-0D6A-4930-A9B1-BD42FD61FA7C}.Debug|Any CPU.ActiveCfg = Debug|Any CPU
		{CE645051-0D6A-4930-A9B1-BD42FD61FA7C}.Debug|Any CPU.Build.0 = Debug|Any CPU
		{CE645051-0D6A-4930-A9B1-BD42FD61FA7C}.Release|Any CPU.ActiveCfg = Release|Any CPU
		{CE645051-0D6A-4930-A9B1-BD42FD61FA7C}.Release|Any CPU.Build.0 = Release|Any CPU
		{03924BBC-3BC0-4D55-94BE-89EA64C57D72}.Debug|Any CPU.ActiveCfg = Debug|Any CPU
		{03924BBC-3BC0-4D55-94BE-89EA64C57D72}.Debug|Any CPU.Build.0 = Debug|Any CPU
		{03924BBC-3BC0-4D55-94BE-89EA64C57D72}.Release|Any CPU.ActiveCfg = Release|Any CPU
		{03924BBC-3BC0-4D55-94BE-89EA64C57D72}.Release|Any CPU.Build.0 = Release|Any CPU
		{0D8A32FB-963F-4304-B6E0-38D9D5E7330D}.Debug|Any CPU.ActiveCfg = Debug|Any CPU
		{0D8A32FB-963F-4304-B6E0-38D9D5E7330D}.Debug|Any CPU.Build.0 = Debug|Any CPU
		{0D8A32FB-963F-4304-B6E0-38D9D5E7330D}.Release|Any CPU.ActiveCfg = Release|Any CPU
		{0D8A32FB-963F-4304-B6E0-38D9D5E7330D}.Release|Any CPU.Build.0 = Release|Any CPU
	EndGlobalSection
	GlobalSection(SolutionProperties) = preSolution
		HideSolutionNode = FALSE
	EndGlobalSection
	GlobalSection(ExtensibilityGlobals) = postSolution
		SolutionGuid = {EA09D13F-144A-42A5-B4E5-3EF007C4025C}
	EndGlobalSection
EndGlobal
